{
  "name": "npmproject",
  "version": "1.0.0",
  "lockfileVersion": 1,
  "requires": true,
  "dependencies": {
    "@types/lodash": {
      "version": "4.14.152",
      "resolved": "https://registry.npmjs.org/@types/lodash/-/lodash-4.14.152.tgz",
      "integrity": "sha512-Vwf9YF2x1GE3WNeUMjT5bTHa2DqgUo87ocdgTScupY2JclZ5Nn7W2RLM/N0+oreexUk8uaVugR81NnTY/jNNXg==",
      "dev": true
    },
    "lodash": {
      "version": "4.17.15",
      "resolved": "https://registry.npmjs.org/lodash/-/lodash-4.17.15.tgz",
      "integrity": "sha512-8xOcRHvCjnocdS5cpwXQXVzmmh5e5+saE2QGoeQmbKmRS6J3VQppPOIt0MnmE+4xlZoumy0GPG0D0MVIQbNA1A=="
    }
  }
}
